
Microsoft Visual Studio Solution File, Format Version 12.00
# Visual Studio Version 17
VisualStudioVersion = 17.5.33502.453
MinimumVisualStudioVersion = 10.0.40219.1
Project("{FAE04EC0-301F-11D3-BF4B-00C04F79EFBC}") = "THA_week 7_ stanley", "THA_week 7_ stanley\THA_week 7_ stanley.csproj", "{4BED2E89-E181-4446-82F9-67505D6D327A}"
EndProject
Global
	GlobalSection(SolutionConfigurationPlatforms) = preSolution
		Debug|Any CPU = Debug|Any CPU
		Release|Any CPU = Release|Any CPU
	EndGlobalSection
	GlobalSection(ProjectConfigurationPlatforms) = postSolution
		{4BED2E89-E181-4446-82F9-67505D6D327A}.Debug|Any CPU.ActiveCfg = Debug|Any CPU
		{4BED2E89-E181-4446-82F9-67505D6D327A}.Debug|Any CPU.Build.0 = Debug|Any CPU
		{4BED2E89-E181-4446-82F9-67505D6D327A}.Release|Any CPU.ActiveCfg = Release|Any CPU
		{4BED2E89-E181-4446-82F9-67505D6D327A}.Release|Any CPU.Build.0 = Release|Any CPU
	EndGlobalSection
	GlobalSection(SolutionProperties) = preSolution
		HideSolutionNode = FALSE
	EndGlobalSection
	GlobalSection(ExtensibilityGlobals) = postSolution
		SolutionGuid = {C1BB8C2A-1AA2-4739-AFB6-33A05ECAB1C2}
	EndGlobalSection
EndGlobal
